
Microsoft Visual Studio Solution File, Format Version 12.00
# Visual Studio Version 16
VisualStudioVersion = 16.0.29411.108
MinimumVisualStudioVersion = 10.0.40219.1
Project("{8BC9CEB8-8B4A-11D0-8D11-00A0C91BC942}") = "vtcore", "vtcore.vcxproj", "{BF2F22F5-FAE8-4E56-9529-42877471EE34}"
EndProject
Project("{8BC9CEB8-8B4A-11D0-8D11-00A0C91BC942}") = "lite", "..\lite\lite.vcxproj", "{5B63F12C-3F96-4650-8CD2-FC5A1D98167F}"
EndProject
Project("{8BC9CEB8-8B4A-11D0-8D11-00A0C91BC942}") = "libprim", "..\cs\libprim\libprim.vcxproj", "{AB75E586-6065-485B-9263-E653AA7F7FE2}"
EndProject
Project("{8BC9CEB8-8B4A-11D0-8D11-00A0C91BC942}") = "libkbm", "..\cs\libkbm\libkbm.vcxproj", "{334B440D-2B5F-48CC-94E3-9D0BCC4D8922}"
EndProject
Project("{8BC9CEB8-8B4A-11D0-8D11-00A0C91BC942}") = "libconsh", "..\cs\libconsh\libconsh.vcxproj", "{9670D2E5-B333-4260-BEBB-BB3242BE1374}"
EndProject
Project("{8BC9CEB8-8B4A-11D0-8D11-00A0C91BC942}") = "web", "..\src\web\web.vcxproj", "{4BF8BE3A-3E74-4029-B995-5B2A7601F50B}"
EndProject
Project("{8BC9CEB8-8B4A-11D0-8D11-00A0C91BC942}") = "words", "..\src\words\words.vcxproj", "{15951DAE-EA16-4563-B1A8-8672F7515717}"
EndProject
Project("{8BC9CEB8-8B4A-11D0-8D11-00A0C91BC942}") = "wn", "..\wn\wn.vcxproj", "{3FD3B62F-271E-4234-A185-65EDB331AB79}"
EndProject
Project("{8BC9CEB8-8B4A-11D0-8D11-00A0C91BC942}") = "libStream", "..\cs\libstream\libStream.vcxproj", "{9DDB40D1-480B-4A6A-A781-BCA04B80F4FC}"
EndProject
Global
	GlobalSection(SolutionConfigurationPlatforms) = preSolution
		Debug_QDBM|x64 = Debug_QDBM|x64
		Debug_QDBM|x86 = Debug_QDBM|x86
		Debug|x64 = Debug|x64
		Debug|x86 = Debug|x86
		Release_QDBM|x64 = Release_QDBM|x64
		Release_QDBM|x86 = Release_QDBM|x86
		Release_Static|x64 = Release_Static|x64
		Release_Static|x86 = Release_Static|x86
		Release|x64 = Release|x64
		Release|x86 = Release|x86
		Unicode Debug|x64 = Unicode Debug|x64
		Unicode Debug|x86 = Unicode Debug|x86
		Unicode Release|x64 = Unicode Release|x64
		Unicode Release|x86 = Unicode Release|x86
		Unicode_Debug|x64 = Unicode_Debug|x64
		Unicode_Debug|x86 = Unicode_Debug|x86
		Unicode_Release|x64 = Unicode_Release|x64
		Unicode_Release|x86 = Unicode_Release|x86
	EndGlobalSection
	GlobalSection(ProjectConfigurationPlatforms) = postSolution
		{BF2F22F5-FAE8-4E56-9529-42877471EE34}.Debug_QDBM|x64.ActiveCfg = Debug|x64
		{BF2F22F5-FAE8-4E56-9529-42877471EE34}.Debug_QDBM|x64.Build.0 = Debug|x64
		{BF2F22F5-FAE8-4E56-9529-42877471EE34}.Debug_QDBM|x86.ActiveCfg = Debug|Win32
		{BF2F22F5-FAE8-4E56-9529-42877471EE34}.Debug_QDBM|x86.Build.0 = Debug|Win32
		{BF2F22F5-FAE8-4E56-9529-42877471EE34}.Debug|x64.ActiveCfg = Debug|x64
		{BF2F22F5-FAE8-4E56-9529-42877471EE34}.Debug|x64.Build.0 = Debug|x64
		{BF2F22F5-FAE8-4E56-9529-42877471EE34}.Debug|x86.ActiveCfg = Debug|Win32
		{BF2F22F5-FAE8-4E56-9529-42877471EE34}.Debug|x86.Build.0 = Debug|Win32
		{BF2F22F5-FAE8-4E56-9529-42877471EE34}.Release_QDBM|x64.ActiveCfg = Release|x64
		{BF2F22F5-FAE8-4E56-9529-42877471EE34}.Release_QDBM|x64.Build.0 = Release|x64
		{BF2F22F5-FAE8-4E56-9529-42877471EE34}.Release_QDBM|x86.ActiveCfg = Release|Win32
		{BF2F22F5-FAE8-4E56-9529-42877471EE34}.Release_QDBM|x86.Build.0 = Release|Win32
		{BF2F22F5-FAE8-4E56-9529-42877471EE34}.Release_Static|x64.ActiveCfg = Release|x64
		{BF2F22F5-FAE8-4E56-9529-42877471EE34}.Release_Static|x64.Build.0 = Release|x64
		{BF2F22F5-FAE8-4E56-9529-42877471EE34}.Release_Static|x86.ActiveCfg = Release|Win32
		{BF2F22F5-FAE8-4E56-9529-42877471EE34}.Release_Static|x86.Build.0 = Release|Win32
		{BF2F22F5-FAE8-4E56-9529-42877471EE34}.Release|x64.ActiveCfg = Release|x64
		{BF2F22F5-FAE8-4E56-9529-42877471EE34}.Release|x64.Build.0 = Release|x64
		{BF2F22F5-FAE8-4E56-9529-42877471EE34}.Release|x86.ActiveCfg = Release|Win32
		{BF2F22F5-FAE8-4E56-9529-42877471EE34}.Release|x86.Build.0 = Release|Win32
		{BF2F22F5-FAE8-4E56-9529-42877471EE34}.Unicode Debug|x64.ActiveCfg = Debug|x64
		{BF2F22F5-FAE8-4E56-9529-42877471EE34}.Unicode Debug|x64.Build.0 = Debug|x64
		{BF2F22F5-FAE8-4E56-9529-42877471EE34}.Unicode Debug|x86.ActiveCfg = Debug|Win32
		{BF2F22F5-FAE8-4E56-9529-42877471EE34}.Unicode Debug|x86.Build.0 = Debug|Win32
		{BF2F22F5-FAE8-4E56-9529-42877471EE34}.Unicode Release|x64.ActiveCfg = Release|x64
		{BF2F22F5-FAE8-4E56-9529-42877471EE34}.Unicode Release|x64.Build.0 = Release|x64
		{BF2F22F5-FAE8-4E56-9529-42877471EE34}.Unicode Release|x86.ActiveCfg = Release|Win32
		{BF2F22F5-FAE8-4E56-9529-42877471EE34}.Unicode Release|x86.Build.0 = Release|Win32
		{BF2F22F5-FAE8-4E56-9529-42877471EE34}.Unicode_Debug|x64.ActiveCfg = Debug|x64
		{BF2F22F5-FAE8-4E56-9529-42877471EE34}.Unicode_Debug|x64.Build.0 = Debug|x64
		{BF2F22F5-FAE8-4E56-9529-42877471EE34}.Unicode_Debug|x86.ActiveCfg = Debug|Win32
		{BF2F22F5-FAE8-4E56-9529-42877471EE34}.Unicode_Debug|x86.Build.0 = Debug|Win32
		{BF2F22F5-FAE8-4E56-9529-42877471EE34}.Unicode_Release|x64.ActiveCfg = Release|x64
		{BF2F22F5-FAE8-4E56-9529-42877471EE34}.Unicode_Release|x64.Build.0 = Release|x64
		{BF2F22F5-FAE8-4E56-9529-42877471EE34}.Unicode_Release|x86.ActiveCfg = Release|Win32
		{BF2F22F5-FAE8-4E56-9529-42877471EE34}.Unicode_Release|x86.Build.0 = Release|Win32
		{5B63F12C-3F96-4650-8CD2-FC5A1D98167F}.Debug_QDBM|x64.ActiveCfg = Debug_QDBM|Win32
		{5B63F12C-3F96-4650-8CD2-FC5A1D98167F}.Debug_QDBM|x86.ActiveCfg = Debug_QDBM|Win32
		{5B63F12C-3F96-4650-8CD2-FC5A1D98167F}.Debug_QDBM|x86.Build.0 = Debug_QDBM|Win32
		{5B63F12C-3F96-4650-8CD2-FC5A1D98167F}.Debug|x64.ActiveCfg = Debug|Win32
		{5B63F12C-3F96-4650-8CD2-FC5A1D98167F}.Debug|x86.ActiveCfg = Debug|Win32
		{5B63F12C-3F96-4650-8CD2-FC5A1D98167F}.Debug|x86.Build.0 = Debug|Win32
		{5B63F12C-3F96-4650-8CD2-FC5A1D98167F}.Release_QDBM|x64.ActiveCfg = Release_QDBM|Win32
		{5B63F12C-3F96-4650-8CD2-FC5A1D98167F}.Release_QDBM|x86.ActiveCfg = Release_QDBM|Win32
		{5B63F12C-3F96-4650-8CD2-FC5A1D98167F}.Release_QDBM|x86.Build.0 = Release_QDBM|Win32
		{5B63F12C-3F96-4650-8CD2-FC5A1D98167F}.Release_Static|x64.ActiveCfg = Release_Static|Win32
		{5B63F12C-3F96-4650-8CD2-FC5A1D98167F}.Release_Static|x86.ActiveCfg = Release_Static|Win32
		{5B63F12C-3F96-4650-8CD2-FC5A1D98167F}.Release_Static|x86.Build.0 = Release_Static|Win32
		{5B63F12C-3F96-4650-8CD2-FC5A1D98167F}.Release|x64.ActiveCfg = Release|Win32
		{5B63F12C-3F96-4650-8CD2-FC5A1D98167F}.Release|x86.ActiveCfg = Release|Win32
		{5B63F12C-3F96-4650-8CD2-FC5A1D98167F}.Release|x86.Build.0 = Release|Win32
		{5B63F12C-3F96-4650-8CD2-FC5A1D98167F}.Unicode Debug|x64.ActiveCfg = Release_Static|Win32
		{5B63F12C-3F96-4650-8CD2-FC5A1D98167F}.Unicode Debug|x64.Build.0 = Release_Static|Win32
		{5B63F12C-3F96-4650-8CD2-FC5A1D98167F}.Unicode Debug|x86.ActiveCfg = Unicode_Release|Win32
		{5B63F12C-3F96-4650-8CD2-FC5A1D98167F}.Unicode Debug|x86.Build.0 = Unicode_Release|Win32
		{5B63F12C-3F96-4650-8CD2-FC5A1D98167F}.Unicode Release|x64.ActiveCfg = Release_Static|Win32
		{5B63F12C-3F96-4650-8CD2-FC5A1D98167F}.Unicode Release|x64.Build.0 = Release_Static|Win32
		{5B63F12C-3F96-4650-8CD2-FC5A1D98167F}.Unicode Release|x86.ActiveCfg = Unicode_Release|Win32
		{5B63F12C-3F96-4650-8CD2-FC5A1D98167F}.Unicode Release|x86.Build.0 = Unicode_Release|Win32
		{5B63F12C-3F96-4650-8CD2-FC5A1D98167F}.Unicode_Debug|x64.ActiveCfg = Unicode_Debug|Win32
		{5B63F12C-3F96-4650-8CD2-FC5A1D98167F}.Unicode_Debug|x86.ActiveCfg = Unicode_Debug|Win32
		{5B63F12C-3F96-4650-8CD2-FC5A1D98167F}.Unicode_Debug|x86.Build.0 = Unicode_Debug|Win32
		{5B63F12C-3F96-4650-8CD2-FC5A1D98167F}.Unicode_Release|x64.ActiveCfg = Unicode_Release|Win32
		{5B63F12C-3F96-4650-8CD2-FC5A1D98167F}.Unicode_Release|x86.ActiveCfg = Unicode_Release|Win32
		{5B63F12C-3F96-4650-8CD2-FC5A1D98167F}.Unicode_Release|x86.Build.0 = Unicode_Release|Win32
		{AB75E586-6065-485B-9263-E653AA7F7FE2}.Debug_QDBM|x64.ActiveCfg = Unicode Release|Win32
		{AB75E586-6065-485B-9263-E653AA7F7FE2}.Debug_QDBM|x64.Build.0 = Unicode Release|Win32
		{AB75E586-6065-485B-9263-E653AA7F7FE2}.Debug_QDBM|x86.ActiveCfg = Debug|Win32
		{AB75E586-6065-485B-9263-E653AA7F7FE2}.Debug_QDBM|x86.Build.0 = Debug|Win32
		{AB75E586-6065-485B-9263-E653AA7F7FE2}.Debug|x64.ActiveCfg = Debug|Win32
		{AB75E586-6065-485B-9263-E653AA7F7FE2}.Debug|x86.ActiveCfg = Debug|Win32
		{AB75E586-6065-485B-9263-E653AA7F7FE2}.Debug|x86.Build.0 = Debug|Win32
		{AB75E586-6065-485B-9263-E653AA7F7FE2}.Release_QDBM|x64.ActiveCfg = Unicode Release|Win32
		{AB75E586-6065-485B-9263-E653AA7F7FE2}.Release_QDBM|x64.Build.0 = Unicode Release|Win32
		{AB75E586-6065-485B-9263-E653AA7F7FE2}.Release_QDBM|x86.ActiveCfg = Release|Win32
		{AB75E586-6065-485B-9263-E653AA7F7FE2}.Release_QDBM|x86.Build.0 = Release|Win32
		{AB75E586-6065-485B-9263-E653AA7F7FE2}.Release_Static|x64.ActiveCfg = Unicode Release|Win32
		{AB75E586-6065-485B-9263-E653AA7F7FE2}.Release_Static|x64.Build.0 = Unicode Release|Win32
		{AB75E586-6065-485B-9263-E653AA7F7FE2}.Release_Static|x86.ActiveCfg = Release|Win32
		{AB75E586-6065-485B-9263-E653AA7F7FE2}.Release_Static|x86.Build.0 = Release|Win32
		{AB75E586-6065-485B-9263-E653AA7F7FE2}.Release|x64.ActiveCfg = Release|Win32
		{AB75E586-6065-485B-9263-E653AA7F7FE2}.Release|x86.ActiveCfg = Release|Win32
		{AB75E586-6065-485B-9263-E653AA7F7FE2}.Release|x86.Build.0 = Release|Win32
		{AB75E586-6065-485B-9263-E653AA7F7FE2}.Unicode Debug|x64.ActiveCfg = Unicode Debug|Win32
		{AB75E586-6065-485B-9263-E653AA7F7FE2}.Unicode Debug|x86.ActiveCfg = Unicode Debug|Win32
		{AB75E586-6065-485B-9263-E653AA7F7FE2}.Unicode Debug|x86.Build.0 = Unicode Debug|Win32
		{AB75E586-6065-485B-9263-E653AA7F7FE2}.Unicode Release|x64.ActiveCfg = Unicode Release|Win32
		{AB75E586-6065-485B-9263-E653AA7F7FE2}.Unicode Release|x86.ActiveCfg = Unicode Release|Win32
		{AB75E586-6065-485B-9263-E653AA7F7FE2}.Unicode Release|x86.Build.0 = Unicode Release|Win32
		{AB75E586-6065-485B-9263-E653AA7F7FE2}.Unicode_Debug|x64.ActiveCfg = Unicode Release|Win32
		{AB75E586-6065-485B-9263-E653AA7F7FE2}.Unicode_Debug|x64.Build.0 = Unicode Release|Win32
		{AB75E586-6065-485B-9263-E653AA7F7FE2}.Unicode_Debug|x86.ActiveCfg = Unicode Release|Win32
		{AB75E586-6065-485B-9263-E653AA7F7FE2}.Unicode_Debug|x86.Build.0 = Unicode Release|Win32
		{AB75E586-6065-485B-9263-E653AA7F7FE2}.Unicode_Release|x64.ActiveCfg = Unicode Release|Win32
		{AB75E586-6065-485B-9263-E653AA7F7FE2}.Unicode_Release|x64.Build.0 = Unicode Release|Win32
		{AB75E586-6065-485B-9263-E653AA7F7FE2}.Unicode_Release|x86.ActiveCfg = Unicode Release|Win32
		{AB75E586-6065-485B-9263-E653AA7F7FE2}.Unicode_Release|x86.Build.0 = Unicode Release|Win32
		{334B440D-2B5F-48CC-94E3-9D0BCC4D8922}.Debug_QDBM|x64.ActiveCfg = Unicode_Release|Win32
		{334B440D-2B5F-48CC-94E3-9D0BCC4D8922}.Debug_QDBM|x64.Build.0 = Unicode_Release|Win32
		{334B440D-2B5F-48CC-94E3-9D0BCC4D8922}.Debug_QDBM|x86.ActiveCfg = Debug|Win32
		{334B440D-2B5F-48CC-94E3-9D0BCC4D8922}.Debug_QDBM|x86.Build.0 = Debug|Win32
		{334B440D-2B5F-48CC-94E3-9D0BCC4D8922}.Debug|x64.ActiveCfg = Debug|Win32
		{334B440D-2B5F-48CC-94E3-9D0BCC4D8922}.Debug|x86.ActiveCfg = Debug|Win32
		{334B440D-2B5F-48CC-94E3-9D0BCC4D8922}.Debug|x86.Build.0 = Debug|Win32
		{334B440D-2B5F-48CC-94E3-9D0BCC4D8922}.Release_QDBM|x64.ActiveCfg = Unicode_Release|Win32
		{334B440D-2B5F-48CC-94E3-9D0BCC4D8922}.Release_QDBM|x64.Build.0 = Unicode_Release|Win32
		{334B440D-2B5F-48CC-94E3-9D0BCC4D8922}.Release_QDBM|x86.ActiveCfg = Release|Win32
		{334B440D-2B5F-48CC-94E3-9D0BCC4D8922}.Release_QDBM|x86.Build.0 = Release|Win32
		{334B440D-2B5F-48CC-94E3-9D0BCC4D8922}.Release_Static|x64.ActiveCfg = Unicode_Release|Win32
		{334B440D-2B5F-48CC-94E3-9D0BCC4D8922}.Release_Static|x64.Build.0 = Unicode_Release|Win32
		{334B440D-2B5F-48CC-94E3-9D0BCC4D8922}.Release_Static|x86.ActiveCfg = Release|Win32
		{334B440D-2B5F-48CC-94E3-9D0BCC4D8922}.Release_Static|x86.Build.0 = Release|Win32
		{334B440D-2B5F-48CC-94E3-9D0BCC4D8922}.Release|x64.ActiveCfg = Release|Win32
		{334B440D-2B5F-48CC-94E3-9D0BCC4D8922}.Release|x86.ActiveCfg = Release|Win32
		{334B440D-2B5F-48CC-94E3-9D0BCC4D8922}.Release|x86.Build.0 = Release|Win32
		{334B440D-2B5F-48CC-94E3-9D0BCC4D8922}.Unicode Debug|x64.ActiveCfg = Unicode_Release|Win32
		{334B440D-2B5F-48CC-94E3-9D0BCC4D8922}.Unicode Debug|x64.Build.0 = Unicode_Release|Win32
		{334B440D-2B5F-48CC-94E3-9D0BCC4D8922}.Unicode Debug|x86.ActiveCfg = Unicode_Release|Win32
		{334B440D-2B5F-48CC-94E3-9D0BCC4D8922}.Unicode Debug|x86.Build.0 = Unicode_Release|Win32
		{334B440D-2B5F-48CC-94E3-9D0BCC4D8922}.Unicode Release|x64.ActiveCfg = Unicode_Release|Win32
		{334B440D-2B5F-48CC-94E3-9D0BCC4D8922}.Unicode Release|x64.Build.0 = Unicode_Release|Win32
		{334B440D-2B5F-48CC-94E3-9D0BCC4D8922}.Unicode Release|x86.ActiveCfg = Unicode_Release|Win32
		{334B440D-2B5F-48CC-94E3-9D0BCC4D8922}.Unicode Release|x86.Build.0 = Unicode_Release|Win32
		{334B440D-2B5F-48CC-94E3-9D0BCC4D8922}.Unicode_Debug|x64.ActiveCfg = Unicode_Debug|Win32
		{334B440D-2B5F-48CC-94E3-9D0BCC4D8922}.Unicode_Debug|x86.ActiveCfg = Unicode_Debug|Win32
		{334B440D-2B5F-48CC-94E3-9D0BCC4D8922}.Unicode_Debug|x86.Build.0 = Unicode_Debug|Win32
		{334B440D-2B5F-48CC-94E3-9D0BCC4D8922}.Unicode_Release|x64.ActiveCfg = Unicode_Release|Win32
		{334B440D-2B5F-48CC-94E3-9D0BCC4D8922}.Unicode_Release|x86.ActiveCfg = Unicode_Release|Win32
		{334B440D-2B5F-48CC-94E3-9D0BCC4D8922}.Unicode_Release|x86.Build.0 = Unicode_Release|Win32
		{9670D2E5-B333-4260-BEBB-BB3242BE1374}.Debug_QDBM|x64.ActiveCfg = Unicode_Release|Win32
		{9670D2E5-B333-4260-BEBB-BB3242BE1374}.Debug_QDBM|x64.Build.0 = Unicode_Release|Win32
		{9670D2E5-B333-4260-BEBB-BB3242BE1374}.Debug_QDBM|x86.ActiveCfg = Debug|Win32
		{9670D2E5-B333-4260-BEBB-BB3242BE1374}.Debug_QDBM|x86.Build.0 = Debug|Win32
		{9670D2E5-B333-4260-BEBB-BB3242BE1374}.Debug|x64.ActiveCfg = Debug|Win32
		{9670D2E5-B333-4260-BEBB-BB3242BE1374}.Debug|x86.ActiveCfg = Debug|Win32
		{9670D2E5-B333-4260-BEBB-BB3242BE1374}.Debug|x86.Build.0 = Debug|Win32
		{9670D2E5-B333-4260-BEBB-BB3242BE1374}.Release_QDBM|x64.ActiveCfg = Unicode_Release|Win32
		{9670D2E5-B333-4260-BEBB-BB3242BE1374}.Release_QDBM|x64.Build.0 = Unicode_Release|Win32
		{9670D2E5-B333-4260-BEBB-BB3242BE1374}.Release_QDBM|x86.ActiveCfg = Release|Win32
		{9670D2E5-B333-4260-BEBB-BB3242BE1374}.Release_QDBM|x86.Build.0 = Release|Win32
		{9670D2E5-B333-4260-BEBB-BB3242BE1374}.Release_Static|x64.ActiveCfg = Unicode_Release|Win32
		{9670D2E5-B333-4260-BEBB-BB3242BE1374}.Release_Static|x64.Build.0 = Unicode_Release|Win32
		{9670D2E5-B333-4260-BEBB-BB3242BE1374}.Release_Static|x86.ActiveCfg = Release|Win32
		{9670D2E5-B333-4260-BEBB-BB3242BE1374}.Release_Static|x86.Build.0 = Release|Win32
		{9670D2E5-B333-4260-BEBB-BB3242BE1374}.Release|x64.ActiveCfg = Release|Win32
		{9670D2E5-B333-4260-BEBB-BB3242BE1374}.Release|x86.ActiveCfg = Release|Win32
		{9670D2E5-B333-4260-BEBB-BB3242BE1374}.Release|x86.Build.0 = Release|Win32
		{9670D2E5-B333-4260-BEBB-BB3242BE1374}.Unicode Debug|x64.ActiveCfg = Unicode_Release|Win32
		{9670D2E5-B333-4260-BEBB-BB3242BE1374}.Unicode Debug|x64.Build.0 = Unicode_Release|Win32
		{9670D2E5-B333-4260-BEBB-BB3242BE1374}.Unicode Debug|x86.ActiveCfg = Unicode_Release|Win32
		{9670D2E5-B333-4260-BEBB-BB3242BE1374}.Unicode Debug|x86.Build.0 = Unicode_Release|Win32
		{9670D2E5-B333-4260-BEBB-BB3242BE1374}.Unicode Release|x64.ActiveCfg = Unicode_Release|Win32
		{9670D2E5-B333-4260-BEBB-BB3242BE1374}.Unicode Release|x64.Build.0 = Unicode_Release|Win32
		{9670D2E5-B333-4260-BEBB-BB3242BE1374}.Unicode Release|x86.ActiveCfg = Unicode_Release|Win32
		{9670D2E5-B333-4260-BEBB-BB3242BE1374}.Unicode Release|x86.Build.0 = Unicode_Release|Win32
		{9670D2E5-B333-4260-BEBB-BB3242BE1374}.Unicode_Debug|x64.ActiveCfg = Unicode_Debug|Win32
		{9670D2E5-B333-4260-BEBB-BB3242BE1374}.Unicode_Debug|x86.ActiveCfg = Unicode_Debug|Win32
		{9670D2E5-B333-4260-BEBB-BB3242BE1374}.Unicode_Debug|x86.Build.0 = Unicode_Debug|Win32
		{9670D2E5-B333-4260-BEBB-BB3242BE1374}.Unicode_Release|x64.ActiveCfg = Unicode_Release|Win32
		{9670D2E5-B333-4260-BEBB-BB3242BE1374}.Unicode_Release|x86.ActiveCfg = Unicode_Release|Win32
		{9670D2E5-B333-4260-BEBB-BB3242BE1374}.Unicode_Release|x86.Build.0 = Unicode_Release|Win32
		{4BF8BE3A-3E74-4029-B995-5B2A7601F50B}.Debug_QDBM|x64.ActiveCfg = Unicode_Release|Win32
		{4BF8BE3A-3E74-4029-B995-5B2A7601F50B}.Debug_QDBM|x64.Build.0 = Unicode_Release|Win32
		{4BF8BE3A-3E74-4029-B995-5B2A7601F50B}.Debug_QDBM|x86.ActiveCfg = Debug|Win32
		{4BF8BE3A-3E74-4029-B995-5B2A7601F50B}.Debug_QDBM|x86.Build.0 = Debug|Win32
		{4BF8BE3A-3E74-4029-B995-5B2A7601F50B}.Debug|x64.ActiveCfg = Debug|Win32
		{4BF8BE3A-3E74-4029-B995-5B2A7601F50B}.Debug|x86.ActiveCfg = Debug|Win32
		{4BF8BE3A-3E74-4029-B995-5B2A7601F50B}.Debug|x86.Build.0 = Debug|Win32
		{4BF8BE3A-3E74-4029-B995-5B2A7601F50B}.Release_QDBM|x64.ActiveCfg = Unicode_Release|Win32
		{4BF8BE3A-3E74-4029-B995-5B2A7601F50B}.Release_QDBM|x64.Build.0 = Unicode_Release|Win32
		{4BF8BE3A-3E74-4029-B995-5B2A7601F50B}.Release_QDBM|x86.ActiveCfg = Release|Win32
		{4BF8BE3A-3E74-4029-B995-5B2A7601F50B}.Release_QDBM|x86.Build.0 = Release|Win32
		{4BF8BE3A-3E74-4029-B995-5B2A7601F50B}.Release_Static|x64.ActiveCfg = Unicode_Release|Win32
		{4BF8BE3A-3E74-4029-B995-5B2A7601F50B}.Release_Static|x64.Build.0 = Unicode_Release|Win32
		{4BF8BE3A-3E74-4029-B995-5B2A7601F50B}.Release_Static|x86.ActiveCfg = Release|Win32
		{4BF8BE3A-3E74-4029-B995-5B2A7601F50B}.Release_Static|x86.Build.0 = Release|Win32
		{4BF8BE3A-3E74-4029-B995-5B2A7601F50B}.Release|x64.ActiveCfg = Release|Win32
		{4BF8BE3A-3E74-4029-B995-5B2A7601F50B}.Release|x86.ActiveCfg = Release|Win32
		{4BF8BE3A-3E74-4029-B995-5B2A7601F50B}.Release|x86.Build.0 = Release|Win32
		{4BF8BE3A-3E74-4029-B995-5B2A7601F50B}.Unicode Debug|x64.ActiveCfg = Unicode_Release|Win32
		{4BF8BE3A-3E74-4029-B995-5B2A7601F50B}.Unicode Debug|x64.Build.0 = Unicode_Release|Win32
		{4BF8BE3A-3E74-4029-B995-5B2A7601F50B}.Unicode Debug|x86.ActiveCfg = Unicode_Release|Win32
		{4BF8BE3A-3E74-4029-B995-5B2A7601F50B}.Unicode Debug|x86.Build.0 = Unicode_Release|Win32
		{4BF8BE3A-3E74-4029-B995-5B2A7601F50B}.Unicode Release|x64.ActiveCfg = Unicode_Release|Win32
		{4BF8BE3A-3E74-4029-B995-5B2A7601F50B}.Unicode Release|x64.Build.0 = Unicode_Release|Win32
		{4BF8BE3A-3E74-4029-B995-5B2A7601F50B}.Unicode Release|x86.ActiveCfg = Unicode_Release|Win32
		{4BF8BE3A-3E74-4029-B995-5B2A7601F50B}.Unicode Release|x86.Build.0 = Unicode_Release|Win32
		{4BF8BE3A-3E74-4029-B995-5B2A7601F50B}.Unicode_Debug|x64.ActiveCfg = Unicode_Debug|Win32
		{4BF8BE3A-3E74-4029-B995-5B2A7601F50B}.Unicode_Debug|x86.ActiveCfg = Unicode_Debug|Win32
		{4BF8BE3A-3E74-4029-B995-5B2A7601F50B}.Unicode_Debug|x86.Build.0 = Unicode_Debug|Win32
		{4BF8BE3A-3E74-4029-B995-5B2A7601F50B}.Unicode_Release|x64.ActiveCfg = Unicode_Release|Win32
		{4BF8BE3A-3E74-4029-B995-5B2A7601F50B}.Unicode_Release|x86.ActiveCfg = Unicode_Release|Win32
		{4BF8BE3A-3E74-4029-B995-5B2A7601F50B}.Unicode_Release|x86.Build.0 = Unicode_Release|Win32
		{15951DAE-EA16-4563-B1A8-8672F7515717}.Debug_QDBM|x64.ActiveCfg = Unicode_Release|Win32
		{15951DAE-EA16-4563-B1A8-8672F7515717}.Debug_QDBM|x64.Build.0 = Unicode_Release|Win32
		{15951DAE-EA16-4563-B1A8-8672F7515717}.Debug_QDBM|x86.ActiveCfg = Debug|Win32
		{15951DAE-EA16-4563-B1A8-8672F7515717}.Debug_QDBM|x86.Build.0 = Debug|Win32
		{15951DAE-EA16-4563-B1A8-8672F7515717}.Debug|x64.ActiveCfg = Debug|Win32
		{15951DAE-EA16-4563-B1A8-8672F7515717}.Debug|x86.ActiveCfg = Debug|Win32
		{15951DAE-EA16-4563-B1A8-8672F7515717}.Debug|x86.Build.0 = Debug|Win32
		{15951DAE-EA16-4563-B1A8-8672F7515717}.Release_QDBM|x64.ActiveCfg = Unicode_Release|Win32
		{15951DAE-EA16-4563-B1A8-8672F7515717}.Release_QDBM|x64.Build.0 = Unicode_Release|Win32
		{15951DAE-EA16-4563-B1A8-8672F7515717}.Release_QDBM|x86.ActiveCfg = Release|Win32
		{15951DAE-EA16-4563-B1A8-8672F7515717}.Release_QDBM|x86.Build.0 = Release|Win32
		{15951DAE-EA16-4563-B1A8-8672F7515717}.Release_Static|x64.ActiveCfg = Unicode_Release|Win32
		{15951DAE-EA16-4563-B1A8-8672F7515717}.Release_Static|x64.Build.0 = Unicode_Release|Win32
		{15951DAE-EA16-4563-B1A8-8672F7515717}.Release_Static|x86.ActiveCfg = Release|Win32
		{15951DAE-EA16-4563-B1A8-8672F7515717}.Release_Static|x86.Build.0 = Release|Win32
		{15951DAE-EA16-4563-B1A8-8672F7515717}.Release|x64.ActiveCfg = Release|Win32
		{15951DAE-EA16-4563-B1A8-8672F7515717}.Release|x86.ActiveCfg = Release|Win32
		{15951DAE-EA16-4563-B1A8-8672F7515717}.Release|x86.Build.0 = Release|Win32
		{15951DAE-EA16-4563-B1A8-8672F7515717}.Unicode Debug|x64.ActiveCfg = Unicode_Release|Win32
		{15951DAE-EA16-4563-B1A8-8672F7515717}.Unicode Debug|x64.Build.0 = Unicode_Release|Win32
		{15951DAE-EA16-4563-B1A8-8672F7515717}.Unicode Debug|x86.ActiveCfg = Unicode_Release|Win32
		{15951DAE-EA16-4563-B1A8-8672F7515717}.Unicode Debug|x86.Build.0 = Unicode_Release|Win32
		{15951DAE-EA16-4563-B1A8-8672F7515717}.Unicode Release|x64.ActiveCfg = Unicode_Release|Win32
		{15951DAE-EA16-4563-B1A8-8672F7515717}.Unicode Release|x64.Build.0 = Unicode_Release|Win32
		{15951DAE-EA16-4563-B1A8-8672F7515717}.Unicode Release|x86.ActiveCfg = Unicode_Release|Win32
		{15951DAE-EA16-4563-B1A8-8672F7515717}.Unicode Release|x86.Build.0 = Unicode_Release|Win32
		{15951DAE-EA16-4563-B1A8-8672F7515717}.Unicode_Debug|x64.ActiveCfg = Unicode_Debug|Win32
		{15951DAE-EA16-4563-B1A8-8672F7515717}.Unicode_Debug|x86.ActiveCfg = Unicode_Debug|Win32
		{15951DAE-EA16-4563-B1A8-8672F7515717}.Unicode_Debug|x86.Build.0 = Unicode_Debug|Win32
		{15951DAE-EA16-4563-B1A8-8672F7515717}.Unicode_Release|x64.ActiveCfg = Unicode_Release|Win32
		{15951DAE-EA16-4563-B1A8-8672F7515717}.Unicode_Release|x86.ActiveCfg = Unicode_Release|Win32
		{15951DAE-EA16-4563-B1A8-8672F7515717}.Unicode_Release|x86.Build.0 = Unicode_Release|Win32
		{3FD3B62F-271E-4234-A185-65EDB331AB79}.Debug_QDBM|x64.ActiveCfg = Unicode_Release|Win32
		{3FD3B62F-271E-4234-A185-65EDB331AB79}.Debug_QDBM|x64.Build.0 = Unicode_Release|Win32
		{3FD3B62F-271E-4234-A185-65EDB331AB79}.Debug_QDBM|x86.ActiveCfg = Debug|Win32
		{3FD3B62F-271E-4234-A185-65EDB331AB79}.Debug_QDBM|x86.Build.0 = Debug|Win32
		{3FD3B62F-271E-4234-A185-65EDB331AB79}.Debug|x64.ActiveCfg = Debug|Win32
		{3FD3B62F-271E-4234-A185-65EDB331AB79}.Debug|x86.ActiveCfg = Debug|Win32
		{3FD3B62F-271E-4234-A185-65EDB331AB79}.Debug|x86.Build.0 = Debug|Win32
		{3FD3B62F-271E-4234-A185-65EDB331AB79}.Release_QDBM|x64.ActiveCfg = Unicode_Release|Win32
		{3FD3B62F-271E-4234-A185-65EDB331AB79}.Release_QDBM|x64.Build.0 = Unicode_Release|Win32
		{3FD3B62F-271E-4234-A185-65EDB331AB79}.Release_QDBM|x86.ActiveCfg = Release|Win32
		{3FD3B62F-271E-4234-A185-65EDB331AB79}.Release_QDBM|x86.Build.0 = Release|Win32
		{3FD3B62F-271E-4234-A185-65EDB331AB79}.Release_Static|x64.ActiveCfg = Unicode_Release|Win32
		{3FD3B62F-271E-4234-A185-65EDB331AB79}.Release_Static|x64.Build.0 = Unicode_Release|Win32
		{3FD3B62F-271E-4234-A185-65EDB331AB79}.Release_Static|x86.ActiveCfg = Release|Win32
		{3FD3B62F-271E-4234-A185-65EDB331AB79}.Release_Static|x86.Build.0 = Release|Win32
		{3FD3B62F-271E-4234-A185-65EDB331AB79}.Release|x64.ActiveCfg = Release|Win32
		{3FD3B62F-271E-4234-A185-65EDB331AB79}.Release|x86.ActiveCfg = Release|Win32
		{3FD3B62F-271E-4234-A185-65EDB331AB79}.Release|x86.Build.0 = Release|Win32
		{3FD3B62F-271E-4234-A185-65EDB331AB79}.Unicode Debug|x64.ActiveCfg = Unicode_Release|Win32
		{3FD3B62F-271E-4234-A185-65EDB331AB79}.Unicode Debug|x64.Build.0 = Unicode_Release|Win32
		{3FD3B62F-271E-4234-A185-65EDB331AB79}.Unicode Debug|x86.ActiveCfg = Unicode_Release|Win32
		{3FD3B62F-271E-4234-A185-65EDB331AB79}.Unicode Debug|x86.Build.0 = Unicode_Release|Win32
		{3FD3B62F-271E-4234-A185-65EDB331AB79}.Unicode Release|x64.ActiveCfg = Unicode_Release|Win32
		{3FD3B62F-271E-4234-A185-65EDB331AB79}.Unicode Release|x64.Build.0 = Unicode_Release|Win32
		{3FD3B62F-271E-4234-A185-65EDB331AB79}.Unicode Release|x86.ActiveCfg = Unicode_Release|Win32
		{3FD3B62F-271E-4234-A185-65EDB331AB79}.Unicode Release|x86.Build.0 = Unicode_Release|Win32
		{3FD3B62F-271E-4234-A185-65EDB331AB79}.Unicode_Debug|x64.ActiveCfg = Unicode_Debug|Win32
		{3FD3B62F-271E-4234-A185-65EDB331AB79}.Unicode_Debug|x86.ActiveCfg = Unicode_Debug|Win32
		{3FD3B62F-271E-4234-A185-65EDB331AB79}.Unicode_Debug|x86.Build.0 = Unicode_Debug|Win32
		{3FD3B62F-271E-4234-A185-65EDB331AB79}.Unicode_Release|x64.ActiveCfg = Unicode_Release|Win32
		{3FD3B62F-271E-4234-A185-65EDB331AB79}.Unicode_Release|x86.ActiveCfg = Unicode_Release|Win32
		{3FD3B62F-271E-4234-A185-65EDB331AB79}.Unicode_Release|x86.Build.0 = Unicode_Release|Win32
		{9DDB40D1-480B-4A6A-A781-BCA04B80F4FC}.Debug_QDBM|x64.ActiveCfg = Unicode_Release|Win32
		{9DDB40D1-480B-4A6A-A781-BCA04B80F4FC}.Debug_QDBM|x64.Build.0 = Unicode_Release|Win32
		{9DDB40D1-480B-4A6A-A781-BCA04B80F4FC}.Debug_QDBM|x86.ActiveCfg = Unicode_Release|Win32
		{9DDB40D1-480B-4A6A-A781-BCA04B80F4FC}.Debug_QDBM|x86.Build.0 = Unicode_Release|Win32
		{9DDB40D1-480B-4A6A-A781-BCA04B80F4FC}.Debug|x64.ActiveCfg = Unicode_Release|Win32
		{9DDB40D1-480B-4A6A-A781-BCA04B80F4FC}.Debug|x64.Build.0 = Unicode_Release|Win32
		{9DDB40D1-480B-4A6A-A781-BCA04B80F4FC}.Debug|x86.ActiveCfg = Unicode_Debug|Win32
		{9DDB40D1-480B-4A6A-A781-BCA04B80F4FC}.Debug|x86.Build.0 = Unicode_Debug|Win32
		{9DDB40D1-480B-4A6A-A781-BCA04B80F4FC}.Release_QDBM|x64.ActiveCfg = Unicode_Release|Win32
		{9DDB40D1-480B-4A6A-A781-BCA04B80F4FC}.Release_QDBM|x64.Build.0 = Unicode_Release|Win32
		{9DDB40D1-480B-4A6A-A781-BCA04B80F4FC}.Release_QDBM|x86.ActiveCfg = Unicode_Release|Win32
		{9DDB40D1-480B-4A6A-A781-BCA04B80F4FC}.Release_QDBM|x86.Build.0 = Unicode_Release|Win32
		{9DDB40D1-480B-4A6A-A781-BCA04B80F4FC}.Release_Static|x64.ActiveCfg = Unicode_Release|Win32
		{9DDB40D1-480B-4A6A-A781-BCA04B80F4FC}.Release_Static|x64.Build.0 = Unicode_Release|Win32
		{9DDB40D1-480B-4A6A-A781-BCA04B80F4FC}.Release_Static|x86.ActiveCfg = Unicode_Release|Win32
		{9DDB40D1-480B-4A6A-A781-BCA04B80F4FC}.Release_Static|x86.Build.0 = Unicode_Release|Win32
		{9DDB40D1-480B-4A6A-A781-BCA04B80F4FC}.Release|x64.ActiveCfg = Unicode_Release|Win32
		{9DDB40D1-480B-4A6A-A781-BCA04B80F4FC}.Release|x64.Build.0 = Unicode_Release|Win32
		{9DDB40D1-480B-4A6A-A781-BCA04B80F4FC}.Release|x86.ActiveCfg = Unicode_Release|Win32
		{9DDB40D1-480B-4A6A-A781-BCA04B80F4FC}.Release|x86.Build.0 = Unicode_Release|Win32
		{9DDB40D1-480B-4A6A-A781-BCA04B80F4FC}.Unicode Debug|x64.ActiveCfg = Unicode_Release|Win32
		{9DDB40D1-480B-4A6A-A781-BCA04B80F4FC}.Unicode Debug|x64.Build.0 = Unicode_Release|Win32
		{9DDB40D1-480B-4A6A-A781-BCA04B80F4FC}.Unicode Debug|x86.ActiveCfg = Unicode_Release|Win32
		{9DDB40D1-480B-4A6A-A781-BCA04B80F4FC}.Unicode Debug|x86.Build.0 = Unicode_Release|Win32
		{9DDB40D1-480B-4A6A-A781-BCA04B80F4FC}.Unicode Release|x64.ActiveCfg = Unicode_Release|Win32
		{9DDB40D1-480B-4A6A-A781-BCA04B80F4FC}.Unicode Release|x64.Build.0 = Unicode_Release|Win32
		{9DDB40D1-480B-4A6A-A781-BCA04B80F4FC}.Unicode Release|x86.ActiveCfg = Unicode_Release|Win32
		{9DDB40D1-480B-4A6A-A781-BCA04B80F4FC}.Unicode Release|x86.Build.0 = Unicode_Release|Win32
		{9DDB40D1-480B-4A6A-A781-BCA04B80F4FC}.Unicode_Debug|x64.ActiveCfg = Unicode_Debug|Win32
		{9DDB40D1-480B-4A6A-A781-BCA04B80F4FC}.Unicode_Debug|x86.ActiveCfg = Unicode_Debug|Win32
		{9DDB40D1-480B-4A6A-A781-BCA04B80F4FC}.Unicode_Debug|x86.Build.0 = Unicode_Debug|Win32
		{9DDB40D1-480B-4A6A-A781-BCA04B80F4FC}.Unicode_Release|x64.ActiveCfg = Unicode_Release|Win32
		{9DDB40D1-480B-4A6A-A781-BCA04B80F4FC}.Unicode_Release|x86.ActiveCfg = Unicode_Release|Win32
		{9DDB40D1-480B-4A6A-A781-BCA04B80F4FC}.Unicode_Release|x86.Build.0 = Unicode_Release|Win32
	EndGlobalSection
	GlobalSection(SolutionProperties) = preSolution
		HideSolutionNode = FALSE
	EndGlobalSection
	GlobalSection(ExtensibilityGlobals) = postSolution
		SolutionGuid = {DDFF49C6-B56E-4989-9A32-67E9C55996BE}
	EndGlobalSection
EndGlobal
