
Microsoft Visual Studio Solution File, Format Version 12.00
# Visual Studio 14
VisualStudioVersion = 14.0.24720.0
MinimumVisualStudioVersion = 10.0.40219.1
Project("{8BC9CEB8-8B4A-11D0-8D11-00A0C91BC942}") = "libStream", "libStream.vcxproj", "{9DDB40D1-480B-4A6A-A781-BCA04B80F4FC}"
EndProject
Global
	GlobalSection(SolutionConfigurationPlatforms) = preSolution
		Unicode_Debug|x86 = Unicode_Debug|x86
		Unicode_Release|x86 = Unicode_Release|x86
	EndGlobalSection
	GlobalSection(ProjectConfigurationPlatforms) = postSolution
		{9DDB40D1-480B-4A6A-A781-BCA04B80F4FC}.Unicode_Debug|x86.ActiveCfg = Unicode_Debug|Win32
		{9DDB40D1-480B-4A6A-A781-BCA04B80F4FC}.Unicode_Debug|x86.Build.0 = Unicode_Debug|Win32
		{9DDB40D1-480B-4A6A-A781-BCA04B80F4FC}.Unicode_Release|x86.ActiveCfg = Unicode_Release|Win32
		{9DDB40D1-480B-4A6A-A781-BCA04B80F4FC}.Unicode_Release|x86.Build.0 = Unicode_Release|Win32
	EndGlobalSection
	GlobalSection(SolutionProperties) = preSolution
		HideSolutionNode = FALSE
	EndGlobalSection
EndGlobal
