<?xml version="1.0" encoding="utf-8"?>
<Project ToolsVersion="4.0" xmlns="http://schemas.microsoft.com/developer/msbuild/2003">
  <ItemGroup>
    <Filter Include="Source Files">
      <UniqueIdentifier>{5b69977e-313d-4700-92d6-5ba0a4ed67d0}</UniqueIdentifier>
      <Extensions>cpp;c;cxx;rc;def;r;odl;idl;hpj;bat</Extensions>
    </Filter>
    <Filter Include="Header Files">
      <UniqueIdentifier>{8f15b6c9-05e7-4b74-869c-5ed882c5daa5}</UniqueIdentifier>
      <Extensions>h;hpp;hxx;hm;inl</Extensions>
    </Filter>
    <Filter Include="Resource Files">
      <UniqueIdentifier>{4f02fbb1-c26c-4940-a2db-560337c92246}</UniqueIdentifier>
      <Extensions>ico;cur;bmp;dlg;rc2;rct;bin;rgs;gif;jpg;jpeg;jpe</Extensions>
    </Filter>
  </ItemGroup>
  <ItemGroup>
    <ClCompile Include="main.cpp">
      <Filter>Source Files</Filter>
    </ClCompile>
    <ClCompile Include="u_out.cpp">
      <Filter>Source Files</Filter>
    </ClCompile>
    <ClCompile Include="Uanalyze.cpp">
      <Filter>Source Files</Filter>
    </ClCompile>
  </ItemGroup>
  <ItemGroup>
    <ClInclude Include="u_out.h">
      <Filter>Header Files</Filter>
    </ClInclude>
    <ClInclude Include="Uanalyze.h">
      <Filter>Header Files</Filter>
    </ClInclude>
  </ItemGroup>
</Project>