<?xml version="1.0" encoding="utf-8"?>
<Project ToolsVersion="4.0" xmlns="http://schemas.microsoft.com/developer/msbuild/2003">
  <ItemGroup>
    <ClCompile Include="word1.cpp">
      <Filter>Source Files</Filter>
    </ClCompile>
    <ClCompile Include="word2.cpp">
      <Filter>Source Files</Filter>
    </ClCompile>
    <ClCompile Include="word3.cpp">
      <Filter>Source Files</Filter>
    </ClCompile>
    <ClCompile Include="word4.cpp">
      <Filter>Source Files</Filter>
    </ClCompile>
    <ClCompile Include="word5.cpp">
      <Filter>Source Files</Filter>
    </ClCompile>
    <ClCompile Include="word6.cpp">
      <Filter>Source Files</Filter>
    </ClCompile>
    <ClCompile Include="word7.cpp">
      <Filter>Source Files</Filter>
    </ClCompile>
    <ClCompile Include="word8.cpp">
      <Filter>Source Files</Filter>
    </ClCompile>
    <ClCompile Include="word9.cpp">
      <Filter>Source Files</Filter>
    </ClCompile>
    <ClCompile Include="word10.cpp">
      <Filter>Source Files</Filter>
    </ClCompile>
    <ClCompile Include="word11.cpp">
      <Filter>Source Files</Filter>
    </ClCompile>
    <ClCompile Include="word12.cpp">
      <Filter>Source Files</Filter>
    </ClCompile>
    <ClCompile Include="word13.cpp">
      <Filter>Source Files</Filter>
    </ClCompile>
    <ClCompile Include="word14.cpp">
      <Filter>Source Files</Filter>
    </ClCompile>
    <ClCompile Include="word15.cpp">
      <Filter>Source Files</Filter>
    </ClCompile>
    <ClCompile Include="word16.cpp">
      <Filter>Source Files</Filter>
    </ClCompile>
    <ClCompile Include="word17.cpp">
      <Filter>Source Files</Filter>
    </ClCompile>
    <ClCompile Include="word18.cpp">
      <Filter>Source Files</Filter>
    </ClCompile>
    <ClCompile Include="word19.cpp">
      <Filter>Source Files</Filter>
    </ClCompile>
    <ClCompile Include="word20.cpp">
      <Filter>Source Files</Filter>
    </ClCompile>
    <ClCompile Include="word21.cpp">
      <Filter>Source Files</Filter>
    </ClCompile>
    <ClCompile Include="word22.cpp">
      <Filter>Source Files</Filter>
    </ClCompile>
    <ClCompile Include="word23.cpp">
      <Filter>Source Files</Filter>
    </ClCompile>
    <ClCompile Include="word24.cpp">
      <Filter>Source Files</Filter>
    </ClCompile>
    <ClCompile Include="word25.cpp">
      <Filter>Source Files</Filter>
    </ClCompile>
    <ClCompile Include="word26.cpp">
      <Filter>Source Files</Filter>
    </ClCompile>
    <ClCompile Include="word27.cpp">
      <Filter>Source Files</Filter>
    </ClCompile>
    <ClCompile Include="word28.cpp">
      <Filter>Source Files</Filter>
    </ClCompile>
    <ClCompile Include="word29.cpp">
      <Filter>Source Files</Filter>
    </ClCompile>
    <ClCompile Include="word30.cpp">
      <Filter>Source Files</Filter>
    </ClCompile>
    <ClCompile Include="wordarrs.cpp">
      <Filter>Source Files</Filter>
    </ClCompile>
    <ClCompile Include="words.cpp">
      <Filter>Source Files</Filter>
    </ClCompile>
    <ClCompile Include="StdAfx.cpp">
      <Filter>Source Files</Filter>
    </ClCompile>
  </ItemGroup>
  <ItemGroup>
    <ClInclude Include="resource.h">
      <Filter>Header Files</Filter>
    </ClInclude>
    <ClInclude Include="StdAfx.h">
      <Filter>Header Files</Filter>
    </ClInclude>
  </ItemGroup>
  <ItemGroup>
    <Filter Include="Header Files">
      <UniqueIdentifier>{5f52904c-1d01-4f16-b956-c5fecb846433}</UniqueIdentifier>
    </Filter>
    <Filter Include="Source Files">
      <UniqueIdentifier>{478e0e82-45ca-449f-99d6-688acfdb0b3c}</UniqueIdentifier>
    </Filter>
  </ItemGroup>
</Project>