<?xml version="1.0" encoding="utf-8"?>
<Project ToolsVersion="4.0" xmlns="http://schemas.microsoft.com/developer/msbuild/2003">
  <ItemGroup>
    <ClCompile Include="Aconsh.cpp">
      <Filter>Source Files</Filter>
    </ClCompile>
    <ClCompile Include="arg.cpp">
      <Filter>Source Files</Filter>
    </ClCompile>
    <ClCompile Include="bind.cpp">
      <Filter>Source Files</Filter>
    </ClCompile>
    <ClCompile Include="cc_code.cpp">
      <Filter>Source Files</Filter>
    </ClCompile>
    <ClCompile Include="cc_gen.cpp">
      <Filter>Source Files</Filter>
    </ClCompile>
    <ClCompile Include="cg.cpp">
      <Filter>Source Files</Filter>
    </ClCompile>
    <ClCompile Include="cg_global.cpp">
      <Filter>Source Files</Filter>
    </ClCompile>
    <ClCompile Include="cmd.cpp">
      <Filter>Source Files</Filter>
    </ClCompile>
    <ClCompile Include="con_gen.cpp">
      <Filter>Source Files</Filter>
    </ClCompile>
    <ClCompile Include="con_ini.cpp">
      <Filter>Source Files</Filter>
    </ClCompile>
    <ClCompile Include="consh_gen.cpp">
      <Filter>Source Files</Filter>
    </ClCompile>
    <ClCompile Include="consh_kb.cpp">
      <Filter>Source Files</Filter>
    </ClCompile>
    <ClCompile Include="dyn.cpp">
      <Filter>Source Files</Filter>
    </ClCompile>
    <ClCompile Include="gen.cpp">
      <Filter>Source Files</Filter>
    </ClCompile>
    <ClCompile Include="help.cpp">
      <Filter>Source Files</Filter>
    </ClCompile>
    <ClCompile Include="ind.cpp">
      <Filter>Source Files</Filter>
    </ClCompile>
    <ClCompile Include="io.cpp">
      <Filter>Source Files</Filter>
    </ClCompile>
    <ClCompile Include="libconsh.cpp">
      <Filter>Source Files</Filter>
    </ClCompile>
    <ClCompile Include="ptr_gen.cpp">
      <Filter>Source Files</Filter>
    </ClCompile>
    <ClCompile Include="ptr_ini.cpp">
      <Filter>Source Files</Filter>
    </ClCompile>
    <ClCompile Include="st_gen.cpp">
      <Filter>Source Files</Filter>
    </ClCompile>
    <ClCompile Include="st_ini.cpp">
      <Filter>Source Files</Filter>
    </ClCompile>
    <ClCompile Include="StdAfx.cpp">
      <Filter>Source Files</Filter>
    </ClCompile>
    <ClCompile Include="sym_gen.cpp">
      <Filter>Source Files</Filter>
    </ClCompile>
    <ClCompile Include="sym_ini.cpp">
      <Filter>Source Files</Filter>
    </ClCompile>
    <ClCompile Include="u_out.cpp">
      <Filter>Source Files</Filter>
    </ClCompile>
    <ClCompile Include="ui.cpp">
      <Filter>Source Files</Filter>
    </ClCompile>
  </ItemGroup>
  <ItemGroup>
    <ClInclude Include="cg_global.h">
      <Filter>Header Files</Filter>
    </ClInclude>
    <ClInclude Include="dyn.h">
      <Filter>Header Files</Filter>
    </ClInclude>
    <ClInclude Include="StdAfx.h">
      <Filter>Header Files</Filter>
    </ClInclude>
    <ClInclude Include="u_out.h">
      <Filter>Header Files</Filter>
    </ClInclude>
  </ItemGroup>
  <ItemGroup>
    <Text Include="ReadMe.txt" />
  </ItemGroup>
  <ItemGroup>
    <Filter Include="Header Files">
      <UniqueIdentifier>{56d7d7e5-d5bc-47eb-ab27-ccf7b399ee39}</UniqueIdentifier>
    </Filter>
    <Filter Include="Source Files">
      <UniqueIdentifier>{ec102ad9-eb50-4e53-afe3-727c4ef485fe}</UniqueIdentifier>
    </Filter>
  </ItemGroup>
</Project>