<?xml version="1.0" encoding="utf-8"?>
<Project ToolsVersion="4.0" xmlns="http://schemas.microsoft.com/developer/msbuild/2003">
  <ItemGroup>
    <ClCompile Include="StdAfx.cpp">
      <Filter>Source Files</Filter>
    </ClCompile>
    <ClCompile Include="tear.cpp">
      <Filter>Source Files</Filter>
    </ClCompile>
    <ClCompile Include="url.cpp">
      <Filter>Source Files</Filter>
    </ClCompile>
    <ClCompile Include="urls.cpp">
      <Filter>Source Files</Filter>
    </ClCompile>
    <ClCompile Include="util.cpp">
      <Filter>Source Files</Filter>
    </ClCompile>
    <ClCompile Include="web.cpp">
      <Filter>Source Files</Filter>
    </ClCompile>
  </ItemGroup>
  <ItemGroup>
    <ClInclude Include="include\Aweb.h">
      <Filter>Header Files</Filter>
    </ClInclude>
    <ClInclude Include="StdAfx.h">
      <Filter>Header Files</Filter>
    </ClInclude>
    <ClInclude Include="include\tear.h">
      <Filter>Header Files</Filter>
    </ClInclude>
    <ClInclude Include="include\url.h">
      <Filter>Header Files</Filter>
    </ClInclude>
    <ClInclude Include="include\urls.h">
      <Filter>Header Files</Filter>
    </ClInclude>
    <ClInclude Include="util.h">
      <Filter>Header Files</Filter>
    </ClInclude>
    <ClInclude Include="include\web.h">
      <Filter>Header Files</Filter>
    </ClInclude>
  </ItemGroup>
  <ItemGroup>
    <Text Include="ReadMe.txt" />
  </ItemGroup>
  <ItemGroup>
    <Filter Include="Header Files">
      <UniqueIdentifier>{96d39f5e-0515-401c-b3df-e0f5bc1c7771}</UniqueIdentifier>
    </Filter>
    <Filter Include="Source Files">
      <UniqueIdentifier>{e19333ac-0e57-465f-b840-4748750a7eb5}</UniqueIdentifier>
    </Filter>
  </ItemGroup>
</Project>